
Microsoft Visual Studio Solution File, Format Version 12.00
# Visual Studio Version 17
VisualStudioVersion = 17.9.34723.18
MinimumVisualStudioVersion = 10.0.40219.1
Project("{FAE04EC0-301F-11D3-BF4B-00C04F79EFBC}") = "ProductManagement", "ProductManagement\ProductManagement.csproj", "{AFE0263C-2D8F-4787-9023-087308A8C5EA}"
EndProject
Global
	GlobalSection(SolutionConfigurationPlatforms) = preSolution
		Debug|Any CPU = Debug|Any CPU
		Release|Any CPU = Release|Any CPU
	EndGlobalSection
	GlobalSection(ProjectConfigurationPlatforms) = postSolution
		{AFE0263C-2D8F-4787-9023-087308A8C5EA}.Debug|Any CPU.ActiveCfg = Debug|Any CPU
		{AFE0263C-2D8F-4787-9023-087308A8C5EA}.Debug|Any CPU.Build.0 = Debug|Any CPU
		{AFE0263C-2D8F-4787-9023-087308A8C5EA}.Release|Any CPU.ActiveCfg = Release|Any CPU
		{AFE0263C-2D8F-4787-9023-087308A8C5EA}.Release|Any CPU.Build.0 = Release|Any CPU
	EndGlobalSection
	GlobalSection(SolutionProperties) = preSolution
		HideSolutionNode = FALSE
	EndGlobalSection
	GlobalSection(ExtensibilityGlobals) = postSolution
		SolutionGuid = {04EFF6E5-A5F0-486D-B38E-88DE2BD97A72}
	EndGlobalSection
EndGlobal
